
Microsoft Visual Studio Solution File, Format Version 12.00
# Visual Studio 2012
Project("{FAE04EC0-301F-11D3-BF4B-00C04F79EFBC}") = "F14AeroPlot", "F14AeroPlot\F14AeroPlot.csproj", "{3115739E-21B3-4105-B81C-53B70C6E817F}"
EndProject
Global
	GlobalSection(SolutionConfigurationPlatforms) = preSolution
		Debug|Any CPU = Debug|Any CPU
		Release|Any CPU = Release|Any CPU
	EndGlobalSection
	GlobalSection(ProjectConfigurationPlatforms) = postSolution
		{3115739E-21B3-4105-B81C-53B70C6E817F}.Debug|Any CPU.ActiveCfg = Debug|Any CPU
		{3115739E-21B3-4105-B81C-53B70C6E817F}.Debug|Any CPU.Build.0 = Debug|Any CPU
		{3115739E-21B3-4105-B81C-53B70C6E817F}.Release|Any CPU.ActiveCfg = Release|Any CPU
		{3115739E-21B3-4105-B81C-53B70C6E817F}.Release|Any CPU.Build.0 = Release|Any CPU
	EndGlobalSection
	GlobalSection(SolutionProperties) = preSolution
		HideSolutionNode = FALSE
	EndGlobalSection
EndGlobal
